
Microsoft Visual Studio Solution File, Format Version 12.00
# Visual Studio 15
VisualStudioVersion = 15.0.28010.2036
MinimumVisualStudioVersion = 10.0.40219.1
Project("{8BC9CEB8-8B4A-11D0-8D11-00A0C91BC942}") = "SimMatrix", "SimMatrix\SimMatrix.vcxproj", "{7A6653F6-1567-40C6-9480-30B3084944CE}"
EndProject
Global
	GlobalSection(SolutionConfigurationPlatforms) = preSolution
		Debug|x64 = Debug|x64
		Debug|x86 = Debug|x86
		Release|x64 = Release|x64
		Release|x86 = Release|x86
	EndGlobalSection
	GlobalSection(ProjectConfigurationPlatforms) = postSolution
		{7A6653F6-1567-40C6-9480-30B3084944CE}.Debug|x64.ActiveCfg = Debug|x64
		{7A6653F6-1567-40C6-9480-30B3084944CE}.Debug|x64.Build.0 = Debug|x64
		{7A6653F6-1567-40C6-9480-30B3084944CE}.Debug|x86.ActiveCfg = Debug|Win32
		{7A6653F6-1567-40C6-9480-30B3084944CE}.Debug|x86.Build.0 = Debug|Win32
		{7A6653F6-1567-40C6-9480-30B3084944CE}.Release|x64.ActiveCfg = Release|x64
		{7A6653F6-1567-40C6-9480-30B3084944CE}.Release|x64.Build.0 = Release|x64
		{7A6653F6-1567-40C6-9480-30B3084944CE}.Release|x86.ActiveCfg = Release|Win32
		{7A6653F6-1567-40C6-9480-30B3084944CE}.Release|x86.Build.0 = Release|Win32
	EndGlobalSection
	GlobalSection(SolutionProperties) = preSolution
		HideSolutionNode = FALSE
	EndGlobalSection
	GlobalSection(ExtensibilityGlobals) = postSolution
		SolutionGuid = {948E5DCA-9392-49E0-A316-732D47B1835C}
	EndGlobalSection
EndGlobal
